{
  "name": "@tishlang/sem",
  "version": "1.1.0",
  "lockfileVersion": 3,
  "requires": true,
  "packages": {
    "": {
      "name": "@tishlang/sem",
      "version": "1.1.0",
      "license": "MIT",
      "bin": {
        "sem": "bin/sem.js"
      },
      "devDependencies": {
        "@tishlang/tish": "3.3.3"
      },
      "engines": {
        "node": ">=22"
      }
    },
    "node_modules/@tishlang/tish": {
      "version": "3.3.3",
      "resolved": "https://registry.npmjs.org/@tishlang/tish/-/tish-3.3.3.tgz",
      "integrity": "sha512-P21GNuSuaJSxajPtZoefpOnZMcNDosY0rSh+UGsiKozoU1zLIR5rkXDOnybkX+8zQUBdNk1tJmDXkAorR64Acg==",
      "dev": true,
      "hasInstallScript": true,
      "license": "PIF",
      "bin": {
        "tish": "bin/tish"
      },
      "engines": {
        "node": ">=22"
      }
    }
  }
}
